
Microsoft Visual Studio Solution File, Format Version 12.00
# Visual Studio 15
VisualStudioVersion = 15.0.27703.2026
MinimumVisualStudioVersion = 10.0.40219.1
Project("{FAE04EC0-301F-11D3-BF4B-00C04F79EFBC}") = "改变txt控件的大小，位置，代码实现", "改变txt控件的大小，位置，代码实现\改变txt控件的大小，位置，代码实现.csproj", "{D7597644-39FB-4523-9564-B82B3497F937}"
EndProject
Global
	GlobalSection(SolutionConfigurationPlatforms) = preSolution
		Debug|Any CPU = Debug|Any CPU
		Release|Any CPU = Release|Any CPU
	EndGlobalSection
	GlobalSection(ProjectConfigurationPlatforms) = postSolution
		{D7597644-39FB-4523-9564-B82B3497F937}.Debug|Any CPU.ActiveCfg = Debug|Any CPU
		{D7597644-39FB-4523-9564-B82B3497F937}.Debug|Any CPU.Build.0 = Debug|Any CPU
		{D7597644-39FB-4523-9564-B82B3497F937}.Release|Any CPU.ActiveCfg = Release|Any CPU
		{D7597644-39FB-4523-9564-B82B3497F937}.Release|Any CPU.Build.0 = Release|Any CPU
	EndGlobalSection
	GlobalSection(SolutionProperties) = preSolution
		HideSolutionNode = FALSE
	EndGlobalSection
	GlobalSection(ExtensibilityGlobals) = postSolution
		SolutionGuid = {3A1E6044-3FA1-4E5E-BD6C-C3748E2E5A3C}
	EndGlobalSection
EndGlobal
